
Microsoft Visual Studio Solution File, Format Version 12.00
# Visual Studio 14
VisualStudioVersion = 14.0.24720.0
MinimumVisualStudioVersion = 10.0.40219.1
Project("{FAE04EC0-301F-11D3-BF4B-00C04F79EFBC}") = "todoApi", "todoApi\todoApi.csproj", "{A77A416F-5252-4A1B-8212-E867B5BA86AA}"
EndProject
Project("{E24C65DC-7377-472B-9ABA-BC803B73C61A}") = "todoView", "todoView\", "{5AD25EE0-2508-4630-BD77-990F7C3E0BC5}"
	ProjectSection(WebsiteProperties) = preProject
		TargetFrameworkMoniker = ".NETFramework,Version%3Dv4.5.2"
		Debug.AspNetCompiler.VirtualPath = "/localhost_56118"
		Debug.AspNetCompiler.PhysicalPath = "todoView\"
		Debug.AspNetCompiler.TargetPath = "PrecompiledWeb\localhost_56118\"
		Debug.AspNetCompiler.Updateable = "true"
		Debug.AspNetCompiler.ForceOverwrite = "true"
		Debug.AspNetCompiler.FixedNames = "false"
		Debug.AspNetCompiler.Debug = "True"
		Release.AspNetCompiler.VirtualPath = "/localhost_56118"
		Release.AspNetCompiler.PhysicalPath = "todoView\"
		Release.AspNetCompiler.TargetPath = "PrecompiledWeb\localhost_56118\"
		Release.AspNetCompiler.Updateable = "true"
		Release.AspNetCompiler.ForceOverwrite = "true"
		Release.AspNetCompiler.FixedNames = "false"
		Release.AspNetCompiler.Debug = "False"
		VWDPort = "56118"
		SlnRelativePath = "todoView\"
		DefaultWebSiteLanguage = "Visual C#"
	EndProjectSection
EndProject
Global
	GlobalSection(SolutionConfigurationPlatforms) = preSolution
		Debug|Any CPU = Debug|Any CPU
		Release|Any CPU = Release|Any CPU
	EndGlobalSection
	GlobalSection(ProjectConfigurationPlatforms) = postSolution
		{A77A416F-5252-4A1B-8212-E867B5BA86AA}.Debug|Any CPU.ActiveCfg = Debug|Any CPU
		{A77A416F-5252-4A1B-8212-E867B5BA86AA}.Debug|Any CPU.Build.0 = Debug|Any CPU
		{A77A416F-5252-4A1B-8212-E867B5BA86AA}.Release|Any CPU.ActiveCfg = Release|Any CPU
		{A77A416F-5252-4A1B-8212-E867B5BA86AA}.Release|Any CPU.Build.0 = Release|Any CPU
		{5AD25EE0-2508-4630-BD77-990F7C3E0BC5}.Debug|Any CPU.ActiveCfg = Debug|Any CPU
		{5AD25EE0-2508-4630-BD77-990F7C3E0BC5}.Debug|Any CPU.Build.0 = Debug|Any CPU
		{5AD25EE0-2508-4630-BD77-990F7C3E0BC5}.Release|Any CPU.ActiveCfg = Debug|Any CPU
		{5AD25EE0-2508-4630-BD77-990F7C3E0BC5}.Release|Any CPU.Build.0 = Debug|Any CPU
	EndGlobalSection
	GlobalSection(SolutionProperties) = preSolution
		HideSolutionNode = FALSE
	EndGlobalSection
EndGlobal
